
Microsoft Visual Studio Solution File, Format Version 12.00
# Visual Studio 15
VisualStudioVersion = 15.0.28307.329
MinimumVisualStudioVersion = 10.0.40219.1
Project("{FAE04EC0-301F-11D3-BF4B-00C04F79EFBC}") = "BloodMnagement", "BloodMnagement\BloodMnagement.csproj", "{CBDB9A30-11F8-432F-894B-3475328E920B}"
EndProject
Global
	GlobalSection(SolutionConfigurationPlatforms) = preSolution
		Debug|Any CPU = Debug|Any CPU
		Release|Any CPU = Release|Any CPU
	EndGlobalSection
	GlobalSection(ProjectConfigurationPlatforms) = postSolution
		{CBDB9A30-11F8-432F-894B-3475328E920B}.Debug|Any CPU.ActiveCfg = Debug|Any CPU
		{CBDB9A30-11F8-432F-894B-3475328E920B}.Debug|Any CPU.Build.0 = Debug|Any CPU
		{CBDB9A30-11F8-432F-894B-3475328E920B}.Release|Any CPU.ActiveCfg = Release|Any CPU
		{CBDB9A30-11F8-432F-894B-3475328E920B}.Release|Any CPU.Build.0 = Release|Any CPU
	EndGlobalSection
	GlobalSection(SolutionProperties) = preSolution
		HideSolutionNode = FALSE
	EndGlobalSection
	GlobalSection(ExtensibilityGlobals) = postSolution
		SolutionGuid = {C7FB3BDD-A3BB-4A2A-AF7E-DD57753FF3D7}
	EndGlobalSection
EndGlobal
